// !$*UTF8*$!
{
	archiveVersion = 1;
	classes = {
	};
	objectVersion = 48;
	objects = {

/* Begin PBXBuildFile section */
		22441A4B202D3E3E003984E8 /* AppDelegate.swift in Sources */ = {isa = PBXBuildFile; fileRef = 22441A4A202D3E3E003984E8 /* AppDelegate.swift */; };
		22441A4D202D3E3E003984E8 /* ViewController.swift in Sources */ = {isa = PBXBuildFile; fileRef = 22441A4C202D3E3E003984E8 /* ViewController.swift */; };
		22441A50202D3E3E003984E8 /* Main.storyboard in Resources */ = {isa = PBXBuildFile; fileRef = 22441A4E202D3E3E003984E8 /* Main.storyboard */; };
		22441A52202D3E3E003984E8 /* Assets.xcassets in Resources */ = {isa = PBXBuildFile; fileRef = 22441A51202D3E3E003984E8 /* Assets.xcassets */; };
		22441A55202D3E3E003984E8 /* LaunchScreen.storyboard in Resources */ = {isa = PBXBuildFile; fileRef = 22441A53202D3E3E003984E8 /* LaunchScreen.storyboard */; };
		35B17FB83C87081EAED288F5 /* Pods_KidTimer.framework in Frameworks */ = {isa = PBXBuildFile; fileRef = E2481421BFAC47E749560120 /* Pods_KidTimer.framework */; };
/* End PBXBuildFile section */

/* Begin PBXFileReference section */
		22441A47202D3E3E003984E8 /* KidTimer.app */ = {isa = PBXFileReference; explicitFileType = wrapper.application; includeInIndex = 0; path = KidTimer.app; sourceTree = BUILT_PRODUCTS_DIR; };
		22441A4A202D3E3E003984E8 /* AppDelegate.swift */ = {isa = PBXFileReference; lastKnownFileType = sourcecode.swift; path = AppDelegate.swift; sourceTree = "<group>"; };
		22441A4C202D3E3E003984E8 /* ViewController.swift */ = {isa = PBXFileReference; lastKnownFileType = sourcecode.swift; path = ViewController.swift; sourceTree = "<group>"; };
		22441A4F202D3E3E003984E8 /* Base */ = {isa = PBXFileReference; lastKnownFileType = file.storyboard; name = Base; path = Base.lproj/Main.storyboard; sourceTree = "<group>"; };
		22441A51202D3E3E003984E8 /* Assets.xcassets */ = {isa = PBXFileReference; lastKnownFileType = folder.assetcatalog; path = Assets.xcassets; sourceTree = "<group>"; };
		22441A54202D3E3E003984E8 /* Base */ = {isa = PBXFileReference; lastKnownFileType = file.storyboard; name = Base; path = Base.lproj/LaunchScreen.storyboard; sourceTree = "<group>"; };
		22441A56202D3E3E003984E8 /* Info.plist */ = {isa = PBXFileReference; lastKnownFileType = text.plist.xml; path = Info.plist; sourceTree = "<group>"; };
		2B62FB51FB06A81B1F407ABF /* Pods-KidTimer.debug.xcconfig */ = {isa = PBXFileReference; includeInIndex = 1; lastKnownFileType = text.xcconfig; name = "Pods-KidTimer.debug.xcconfig"; path = "Pods/Target Support Files/Pods-KidTimer/Pods-KidTimer.debug.xcconfig"; sourceTree = "<group>"; };
		BFF495E84F3A35BF65A5A762 /* Pods-KidTimer.release.xcconfig */ = {isa = PBXFileReference; includeInIndex = 1; lastKnownFileType = text.xcconfig; name = "Pods-KidTimer.release.xcconfig"; path = "Pods/Target Support Files/Pods-KidTimer/Pods-KidTimer.release.xcconfig"; sourceTree = "<group>"; };
		E2481421BFAC47E749560120 /* Pods_KidTimer.framework */ = {isa = PBXFileReference; explicitFileType = wrapper.framework; includeInIndex = 0; path = Pods_KidTimer.framework; sourceTree = BUILT_PRODUCTS_DIR; };
/* End PBXFileReference section */

/* Begin PBXFrameworksBuildPhase section */
		22441A44202D3E3D003984E8 /* Frameworks */ = {
			isa = PBXFrameworksBuildPhase;
			buildActionMask = 2147483647;
			files = (
				35B17FB83C87081EAED288F5 /* Pods_KidTimer.framework in Frameworks */,
			);
			runOnlyForDeploymentPostprocessing = 0;
		};
/* End PBXFrameworksBuildPhase section */

/* Begin PBXGroup section */
		22441A3E202D3E3D003984E8 = {
			isa = PBXGroup;
			children = (
				22441A49202D3E3E003984E8 /* KidTimer */,
				22441A48202D3E3E003984E8 /* Products */,
				D19F1A3AC070B3475027E0D8 /* Pods */,
				AC29493CE024BED60849F443 /* Frameworks */,
			);
			sourceTree = "<group>";
		};
		22441A48202D3E3E003984E8 /* Products */ = {
			isa = PBXGroup;
			children = (
				22441A47202D3E3E003984E8 /* KidTimer.app */,
			);
			name = Products;
			sourceTree = "<group>";
		};
		22441A49202D3E3E003984E8 /* KidTimer */ = {
			isa = PBXGroup;
			children = (
				22441A4A202D3E3E003984E8 /* AppDelegate.swift */,
				22441A4C202D3E3E003984E8 /* ViewController.swift */,
				22441A4E202D3E3E003984E8 /* Main.storyboard */,
				22441A51202D3E3E003984E8 /* Assets.xcassets */,
				22441A53202D3E3E003984E8 /* LaunchScreen.storyboard */,
				22441A56202D3E3E003984E8 /* Info.plist */,
			);
			path = KidTimer;
			sourceTree = "<group>";
		};
		AC29493CE024BED60849F443 /* Frameworks */ = {
			isa = PBXGroup;
			children = (
				E2481421BFAC47E749560120 /* Pods_KidTimer.framework */,
			);
			name = Frameworks;
			sourceTree = "<group>";
		};
		D19F1A3AC070B3475027E0D8 /* Pods */ = {
			isa = PBXGroup;
			children = (
				2B62FB51FB06A81B1F407ABF /* Pods-KidTimer.debug.xcconfig */,
				BFF495E84F3A35BF65A5A762 /* Pods-KidTimer.release.xcconfig */,
			);
			name = Pods;
			sourceTree = "<group>";
		};
/* End PBXGroup section */

/* Begin PBXNativeTarget section */
		22441A46202D3E3D003984E8 /* KidTimer */ = {
			isa = PBXNativeTarget;
			buildConfigurationList = 22441A59202D3E3E003984E8 /* Build configuration list for PBXNativeTarget "KidTimer" */;
			buildPhases = (
				4EE3E0EDE4751B33867A99EB /* [CP] Check Pods Manifest.lock */,
				22441A43202D3E3D003984E8 /* Sources */,
				22441A44202D3E3D003984E8 /* Frameworks */,
				22441A45202D3E3D003984E8 /* Resources */,
				3C543A8C559C9449CFE90C10 /* [CP] Embed Pods Frameworks */,
				7EB7B8F81C0C974C39B31992 /* [CP] Copy Pods Resources */,
			);
			buildRules = (
			);
			dependencies = (
			);
			name = KidTimer;
			productName = KidTimer;
			productReference = 22441A47202D3E3E003984E8 /* KidTimer.app */;
			productType = "com.apple.product-type.application";
		};
/* End PBXNativeTarget section */

/* Begin PBXProject section */
		22441A3F202D3E3D003984E8 /* Project object */ = {
			isa = PBXProject;
			attributes = {
				LastSwiftUpdateCheck = 0920;
				LastUpgradeCheck = 0920;
				ORGANIZATIONNAME = piscator_virtualMAC_01;
				TargetAttributes = {
					22441A46202D3E3D003984E8 = {
						CreatedOnToolsVersion = 9.2;
						ProvisioningStyle = Automatic;
					};
				};
			};
			buildConfigurationList = 22441A42202D3E3D003984E8 /* Build configuration list for PBXProject "KidTimer" */;
			compatibilityVersion = "Xcode 8.0";
			developmentRegion = en;
			hasScannedForEncodings = 0;
			knownRegions = (
				en,
				Base,
			);
			mainGroup = 22441A3E202D3E3D003984E8;
			productRefGroup = 22441A48202D3E3E003984E8 /* Products */;
			projectDirPath = "";
			projectRoot = "";
			targets = (
				22441A46202D3E3D003984E8 /* KidTimer */,
			);
		};
/* End PBXProject section */

/* Begin PBXResourcesBuildPhase section */
		22441A45202D3E3D003984E8 /* Resources */ = {
			isa = PBXResourcesBuildPhase;
			buildActionMask = 2147483647;
			files = (
				22441A55202D3E3E003984E8 /* LaunchScreen.storyboard in Resources */,
				22441A52202D3E3E003984E8 /* Assets.xcassets in Resources */,
				22441A50202D3E3E003984E8 /* Main.storyboard in Resources */,
			);
			runOnlyForDeploymentPostprocessing = 0;
		};
/* End PBXResourcesBuildPhase section */

/* Begin PBXShellScriptBuildPhase section */
		3C543A8C559C9449CFE90C10 /* [CP] Embed Pods Frameworks */ = {
			isa = PBXShellScriptBuildPhase;
			buildActionMask = 2147483647;
			files = (
			);
			inputPaths = (
				"${SRCROOT}/Pods/Target Support Files/Pods-KidTimer/Pods-KidTimer-frameworks.sh",
				"${BUILT_PRODUCTS_DIR}/Bolts/Bolts.framework",
				"${BUILT_PRODUCTS_DIR}/FBSDKCoreKit/FBSDKCoreKit.framework",
				"${BUILT_PRODUCTS_DIR}/FBSDKLoginKit/FBSDKLoginKit.framework",
				"${BUILT_PRODUCTS_DIR}/FBSDKShareKit/FBSDKShareKit.framework",
				"${BUILT_PRODUCTS_DIR}/FacebookCore/FacebookCore.framework",
				"${BUILT_PRODUCTS_DIR}/FacebookLogin/FacebookLogin.framework",
				"${BUILT_PRODUCTS_DIR}/FacebookShare/FacebookShare.framework",
			);
			name = "[CP] Embed Pods Frameworks";
			outputPaths = (
				"${TARGET_BUILD_DIR}/${FRAMEWORKS_FOLDER_PATH}/Bolts.framework",
				"${TARGET_BUILD_DIR}/${FRAMEWORKS_FOLDER_PATH}/FBSDKCoreKit.framework",
				"${TARGET_BUILD_DIR}/${FRAMEWORKS_FOLDER_PATH}/FBSDKLoginKit.framework",
				"${TARGET_BUILD_DIR}/${FRAMEWORKS_FOLDER_PATH}/FBSDKShareKit.framework",
				"${TARGET_BUILD_DIR}/${FRAMEWORKS_FOLDER_PATH}/FacebookCore.framework",
				"${TARGET_BUILD_DIR}/${FRAMEWORKS_FOLDER_PATH}/FacebookLogin.framework",
				"${TARGET_BUILD_DIR}/${FRAMEWORKS_FOLDER_PATH}/FacebookShare.framework",
			);
			runOnlyForDeploymentPostprocessing = 0;
			shellPath = /bin/sh;
			shellScript = "\"${SRCROOT}/Pods/Target Support Files/Pods-KidTimer/Pods-KidTimer-frameworks.sh\"\n";
			showEnvVarsInLog = 0;
		};
		4EE3E0EDE4751B33867A99EB /* [CP] Check Pods Manifest.lock */ = {
			isa = PBXShellScriptBuildPhase;
			buildActionMask = 2147483647;
			files = (
			);
			inputPaths = (
				"${PODS_PODFILE_DIR_PATH}/Podfile.lock",
				"${PODS_ROOT}/Manifest.lock",
			);
			name = "[CP] Check Pods Manifest.lock";
			outputPaths = (
				"$(DERIVED_FILE_DIR)/Pods-KidTimer-checkManifestLockResult.txt",
			);
			runOnlyForDeploymentPostprocessing = 0;
			shellPath = /bin/sh;
			shellScript = "diff \"${PODS_PODFILE_DIR_PATH}/Podfile.lock\" \"${PODS_ROOT}/Manifest.lock\" > /dev/null\nif [ $? != 0 ] ; then\n    # print error to STDERR\n    echo \"error: The sandbox is not in sync with the Podfile.lock. Run 'pod install' or update your CocoaPods installation.\" >&2\n    exit 1\nfi\n# This output is used by Xcode 'outputs' to avoid re-running this script phase.\necho \"SUCCESS\" > \"${SCRIPT_OUTPUT_FILE_0}\"\n";
			showEnvVarsInLog = 0;
		};
		7EB7B8F81C0C974C39B31992 /* [CP] Copy Pods Resources */ = {
			isa = PBXShellScriptBuildPhase;
			buildActionMask = 2147483647;
			files = (
			);
			inputPaths = (
			);
			name = "[CP] Copy Pods Resources";
			outputPaths = (
			);
			runOnlyForDeploymentPostprocessing = 0;
			shellPath = /bin/sh;
			shellScript = "\"${SRCROOT}/Pods/Target Support Files/Pods-KidTimer/Pods-KidTimer-resources.sh\"\n";
			showEnvVarsInLog = 0;
		};
/* End PBXShellScriptBuildPhase section */

/* Begin PBXSourcesBuildPhase section */
		22441A43202D3E3D003984E8 /* Sources */ = {
			isa = PBXSourcesBuildPhase;
			buildActionMask = 2147483647;
			files = (
				22441A4D202D3E3E003984E8 /* ViewController.swift in Sources */,
				22441A4B202D3E3E003984E8 /* AppDelegate.swift in Sources */,
			);
			runOnlyForDeploymentPostprocessing = 0;
		};
/* End PBXSourcesBuildPhase section */

/* Begin PBXVariantGroup section */
		22441A4E202D3E3E003984E8 /* Main.storyboard */ = {
			isa = PBXVariantGroup;
			children = (
				22441A4F202D3E3E003984E8 /* Base */,
			);
			name = Main.storyboard;
			sourceTree = "<group>";
		};
		22441A53202D3E3E003984E8 /* LaunchScreen.storyboard */ = {
			isa = PBXVariantGroup;
			children = (
				22441A54202D3E3E003984E8 /* Base */,
			);
			name = LaunchScreen.storyboard;
			sourceTree = "<group>";
		};
/* End PBXVariantGroup section */

/* Begin XCBuildConfiguration section */
		22441A57202D3E3E003984E8 /* Debug */ = {
			isa = XCBuildConfiguration;
			buildSettings = {
				ALWAYS_SEARCH_USER_PATHS = NO;
				CLANG_ANALYZER_NONNULL = YES;
				CLANG_ANALYZER_NUMBER_OBJECT_CONVERSION = YES_AGGRESSIVE;
				CLANG_CXX_LANGUAGE_STANDARD = "gnu++14";
				CLANG_CXX_LIBRARY = "libc++";
				CLANG_ENABLE_MODULES = YES;
				CLANG_ENABLE_OBJC_ARC = YES;
				CLANG_WARN_BLOCK_CAPTURE_AUTORELEASING = YES;
				CLANG_WARN_BOOL_CONVERSION = YES;
				CLANG_WARN_COMMA = YES;
				CLANG_WARN_CONSTANT_CONVERSION = YES;
				CLANG_WARN_DIRECT_OBJC_ISA_USAGE = YES_ERROR;
				CLANG_WARN_DOCUMENTATION_COMMENTS = YES;
				CLANG_WARN_EMPTY_BODY = YES;
				CLANG_WARN_ENUM_CONVERSION = YES;
				CLANG_WARN_INFINITE_RECURSION = YES;
				CLANG_WARN_INT_CONVERSION = YES;
				CLANG_WARN_NON_LITERAL_NULL_CONVERSION = YES;
				CLANG_WARN_OBJC_LITERAL_CONVERSION = YES;
				CLANG_WARN_OBJC_ROOT_CLASS = YES_ERROR;
				CLANG_WARN_RANGE_LOOP_ANALYSIS = YES;
				CLANG_WARN_STRICT_PROTOTYPES = YES;
				CLANG_WARN_SUSPICIOUS_MOVE = YES;
				CLANG_WARN_UNGUARDED_AVAILABILITY = YES_AGGRESSIVE;
				CLANG_WARN_UNREACHABLE_CODE = YES;
				CLANG_WARN__DUPLICATE_METHOD_MATCH = YES;
				CODE_SIGN_IDENTITY = "iPhone Developer";
				COPY_PHASE_STRIP = NO;
				DEBUG_INFORMATION_FORMAT = dwarf;
				ENABLE_STRICT_OBJC_MSGSEND = YES;
				ENABLE_TESTABILITY = YES;
				GCC_C_LANGUAGE_STANDARD = gnu11;
				GCC_DYNAMIC_NO_PIC = NO;
				GCC_NO_COMMON_BLOCKS = YES;
				GCC_OPTIMIZATION_LEVEL = 0;
				GCC_PREPROCESSOR_DEFINITIONS = (
					"DEBUG=1",
					"$(inherited)",
				);
				GCC_WARN_64_TO_32_BIT_CONVERSION = YES;
				GCC_WARN_ABOUT_RETURN_TYPE = YES_ERROR;
				GCC_WARN_UNDECLARED_SELECTOR = YES;
				GCC_WARN_UNINITIALIZED_AUTOS = YES_AGGRESSIVE;
				GCC_WARN_UNUSED_FUNCTION = YES;
				GCC_WARN_UNUSED_VARIABLE = YES;
				IPHONEOS_DEPLOYMENT_TARGET = 11.2;
				MTL_ENABLE_DEBUG_INFO = YES;
				ONLY_ACTIVE_ARCH = YES;
				SDKROOT = iphoneos;
				SWIFT_ACTIVE_COMPILATION_CONDITIONS = DEBUG;
				SWIFT_OPTIMIZATION_LEVEL = "-Onone";
			};
			name = Debug;
		};
		22441A58202D3E3E003984E8 /* Release */ = {
			isa = XCBuildConfiguration;
			buildSettings = {
				ALWAYS_SEARCH_USER_PATHS = NO;
				CLANG_ANALYZER_NONNULL = YES;
				CLANG_ANALYZER_NUMBER_OBJECT_CONVERSION = YES_AGGRESSIVE;
				CLANG_CXX_LANGUAGE_STANDARD = "gnu++14";
				CLANG_CXX_LIBRARY = "libc++";
				CLANG_ENABLE_MODULES = YES;
				CLANG_ENABLE_OBJC_ARC = YES;
				CLANG_WARN_BLOCK_CAPTURE_AUTORELEASING = YES;
				CLANG_WARN_BOOL_CONVERSION = YES;
				CLANG_WARN_COMMA = YES;
				CLANG_WARN_CONSTANT_CONVERSION = YES;
				CLANG_WARN_DIRECT_OBJC_ISA_USAGE = YES_ERROR;
				CLANG_WARN_DOCUMENTATION_COMMENTS = YES;
				CLANG_WARN_EMPTY_BODY = YES;
				CLANG_WARN_ENUM_CONVERSION = YES;
				CLANG_WARN_INFINITE_RECURSION = YES;
				CLANG_WARN_INT_CONVERSION = YES;
				CLANG_WARN_NON_LITERAL_NULL_CONVERSION = YES;
				CLANG_WARN_OBJC_LITERAL_CONVERSION = YES;
				CLANG_WARN_OBJC_ROOT_CLASS = YES_ERROR;
				CLANG_WARN_RANGE_LOOP_ANALYSIS = YES;
				CLANG_WARN_STRICT_PROTOTYPES = YES;
				CLANG_WARN_SUSPICIOUS_MOVE = YES;
				CLANG_WARN_UNGUARDED_AVAILABILITY = YES_AGGRESSIVE;
				CLANG_WARN_UNREACHABLE_CODE = YES;
				CLANG_WARN__DUPLICATE_METHOD_MATCH = YES;
				CODE_SIGN_IDENTITY = "iPhone Developer";
				COPY_PHASE_STRIP = NO;
				DEBUG_INFORMATION_FORMAT = "dwarf-with-dsym";
				ENABLE_NS_ASSERTIONS = NO;
				ENABLE_STRICT_OBJC_MSGSEND = YES;
				GCC_C_LANGUAGE_STANDARD = gnu11;
				GCC_NO_COMMON_BLOCKS = YES;
				GCC_WARN_64_TO_32_BIT_CONVERSION = YES;
				GCC_WARN_ABOUT_RETURN_TYPE = YES_ERROR;
				GCC_WARN_UNDECLARED_SELECTOR = YES;
				GCC_WARN_UNINITIALIZED_AUTOS = YES_AGGRESSIVE;
				GCC_WARN_UNUSED_FUNCTION = YES;
				GCC_WARN_UNUSED_VARIABLE = YES;
				IPHONEOS_DEPLOYMENT_TARGET = 11.2;
				MTL_ENABLE_DEBUG_INFO = NO;
				SDKROOT = iphoneos;
				SWIFT_OPTIMIZATION_LEVEL = "-Owholemodule";
				VALIDATE_PRODUCT = YES;
			};
			name = Release;
		};
		22441A5A202D3E3E003984E8 /* Debug */ = {
			isa = XCBuildConfiguration;
			baseConfigurationReference = 2B62FB51FB06A81B1F407ABF /* Pods-KidTimer.debug.xcconfig */;
			buildSettings = {
				ASSETCATALOG_COMPILER_APPICON_NAME = AppIcon;
				CODE_SIGN_STYLE = Automatic;
				INFOPLIST_FILE = KidTimer/Info.plist;
				LD_RUNPATH_SEARCH_PATHS = "$(inherited) @executable_path/Frameworks";
				PRODUCT_BUNDLE_IDENTIFIER = tding.KidTimer;
				PRODUCT_NAME = "$(TARGET_NAME)";
				SWIFT_VERSION = 4.0;
				TARGETED_DEVICE_FAMILY = "1,2";
			};
			name = Debug;
		};
		22441A5B202D3E3E003984E8 /* Release */ = {
			isa = XCBuildConfiguration;
			baseConfigurationReference = BFF495E84F3A35BF65A5A762 /* Pods-KidTimer.release.xcconfig */;
			buildSettings = {
				ASSETCATALOG_COMPILER_APPICON_NAME = AppIcon;
				CODE_SIGN_STYLE = Automatic;
				INFOPLIST_FILE = KidTimer/Info.plist;
				LD_RUNPATH_SEARCH_PATHS = "$(inherited) @executable_path/Frameworks";
				PRODUCT_BUNDLE_IDENTIFIER = tding.KidTimer;
				PRODUCT_NAME = "$(TARGET_NAME)";
				SWIFT_VERSION = 4.0;
				TARGETED_DEVICE_FAMILY = "1,2";
			};
			name = Release;
		};
/* End XCBuildConfiguration section */

/* Begin XCConfigurationList section */
		22441A42202D3E3D003984E8 /* Build configuration list for PBXProject "KidTimer" */ = {
			isa = XCConfigurationList;
			buildConfigurations = (
				22441A57202D3E3E003984E8 /* Debug */,
				22441A58202D3E3E003984E8 /* Release */,
			);
			defaultConfigurationIsVisible = 0;
			defaultConfigurationName = Release;
		};
		22441A59202D3E3E003984E8 /* Build configuration list for PBXNativeTarget "KidTimer" */ = {
			isa = XCConfigurationList;
			buildConfigurations = (
				22441A5A202D3E3E003984E8 /* Debug */,
				22441A5B202D3E3E003984E8 /* Release */,
			);
			defaultConfigurationIsVisible = 0;
			defaultConfigurationName = Release;
		};
/* End XCConfigurationList section */
	};
	rootObject = 22441A3F202D3E3D003984E8 /* Project object */;
}
